{
  "name": "abduziu-props-tools",
  "lockfileVersion": 3,
  "requires": true,
  "packages": {
    "": {
      "name": "abduziu-props-tools",
      "dependencies": {
        "@gltf-transform/core": "^4.2.0",
        "@gltf-transform/extensions": "^4.5.1",
        "playwright-core": "^1.63.0",
        "pngjs": "^7.0.0"
      }
    },
    "node_modules/@gltf-transform/core": {
      "version": "4.5.1",
      "resolved": "https://registry.npmjs.org/@gltf-transform/core/-/core-4.5.1.tgz",
      "integrity": "sha512-OWgBYssKHKoXMIrMb2N20jXqWRnMP9HdtcTFQBEAJtz4P+OOxx5fozl5eAeK7nktIs5uDE/lu4NbkE5VCZaR9g==",
      "license": "MIT",
      "dependencies": {
        "property-graph": "^4.1.0"
      },
      "funding": {
        "url": "https://github.com/sponsors/donmccurdy"
      }
    },
    "node_modules/@gltf-transform/extensions": {
      "version": "4.5.1",
      "resolved": "https://registry.npmjs.org/@gltf-transform/extensions/-/extensions-4.5.1.tgz",
      "integrity": "sha512-3jTe+GWRy4fj1TU790LPsO+rpO/4byUWPTpNkjy6M6h8RvrUivRf12Mptc0770K4ZczibpJDNHXZFkFsFMRDLA==",
      "license": "MIT",
      "dependencies": {
        "@gltf-transform/core": "^4.5.1",
        "ktx-parse": "^1.1.0"
      },
      "funding": {
        "url": "https://github.com/sponsors/donmccurdy"
      }
    },
    "node_modules/ktx-parse": {
      "version": "1.1.0",
      "resolved": "https://registry.npmjs.org/ktx-parse/-/ktx-parse-1.1.0.tgz",
      "integrity": "sha512-mKp3y+FaYgR7mXWAbyyzpa/r1zDWeaunH+INJO4fou3hb45XuNSwar+7llrRyvpMWafxSIi99RNFJ05MHedaJQ==",
      "license": "MIT"
    },
    "node_modules/playwright-core": {
      "version": "1.63.0",
      "resolved": "https://registry.npmjs.org/playwright-core/-/playwright-core-1.63.0.tgz",
      "integrity": "sha512-rYCsBF/M5HjUch52bbtVONEFjv6Xu8sm8h72dNlR5bzIE1fvC/bxgspzkjSfU+MweEMmPM8KJebG6nnyxo5mCg==",
      "license": "Apache-2.0",
      "bin": {
        "playwright-core": "cli.js"
      },
      "engines": {
        "node": ">=20"
      }
    },
    "node_modules/pngjs": {
      "version": "7.0.0",
      "resolved": "https://registry.npmjs.org/pngjs/-/pngjs-7.0.0.tgz",
      "integrity": "sha512-LKWqWJRhstyYo9pGvgor/ivk2w94eSjE3RGVuzLGlr3NmD8bf7RcYGze1mNdEHRP6TRP6rMuDHk5t44hnTRyow==",
      "license": "MIT",
      "engines": {
        "node": ">=14.19.0"
      }
    },
    "node_modules/property-graph": {
      "version": "4.1.0",
      "resolved": "https://registry.npmjs.org/property-graph/-/property-graph-4.1.0.tgz",
      "integrity": "sha512-AvPcP7XECNWy4LGmFQ77k7un4lSKM4eS29PTvW4ck95uYeLxXPWJM7hLuBqK91FaHqCcgJvIUCuNJjjxKE7VKQ==",
      "license": "MIT"
    }
  }
}
